
Microsoft Visual Studio Solution File, Format Version 12.00
# Visual Studio 15
Project("{FAE04EC0-301F-11D3-BF4B-00C04F79EFBC}") = "Age", "Age.csproj", "{33EAF9BD-715F-354B-0C9B-45D46E1CCF8C}"
EndProject
Project("{FAE04EC0-301F-11D3-BF4B-00C04F79EFBC}") = "Age.Editor", "Age.Editor.csproj", "{F4B2BB26-8348-84CF-4631-5B30189B4F5B}"
EndProject
Global
	GlobalSection(SolutionConfigurationPlatforms) = preSolution
		Debug|Any CPU = Debug|Any CPU
		Release|Any CPU = Release|Any CPU
	EndGlobalSection
	GlobalSection(ProjectConfigurationPlatforms) = postSolution
		{33EAF9BD-715F-354B-0C9B-45D46E1CCF8C}.Debug|Any CPU.ActiveCfg = Debug|Any CPU
		{33EAF9BD-715F-354B-0C9B-45D46E1CCF8C}.Debug|Any CPU.Build.0 = Debug|Any CPU
		{33EAF9BD-715F-354B-0C9B-45D46E1CCF8C}.Release|Any CPU.ActiveCfg = Release|Any CPU
		{33EAF9BD-715F-354B-0C9B-45D46E1CCF8C}.Release|Any CPU.Build.0 = Release|Any CPU
		{F4B2BB26-8348-84CF-4631-5B30189B4F5B}.Debug|Any CPU.ActiveCfg = Debug|Any CPU
		{F4B2BB26-8348-84CF-4631-5B30189B4F5B}.Debug|Any CPU.Build.0 = Debug|Any CPU
		{F4B2BB26-8348-84CF-4631-5B30189B4F5B}.Release|Any CPU.ActiveCfg = Release|Any CPU
		{F4B2BB26-8348-84CF-4631-5B30189B4F5B}.Release|Any CPU.Build.0 = Release|Any CPU
	EndGlobalSection
	GlobalSection(SolutionProperties) = preSolution
		HideSolutionNode = FALSE
	EndGlobalSection
EndGlobal
